
Microsoft Visual Studio Solution File, Format Version 12.00
# Visual Studio Version 17
VisualStudioVersion = 17.0.31903.59
MinimumVisualStudioVersion = 10.0.40219.1
Project("{2150E333-8FDC-42A3-9474-1A3956D46DE8}") = "src", "src", "{FC58905F-5463-4CD2-80DE-F679BE012FB0}"
EndProject
Project("{2150E333-8FDC-42A3-9474-1A3956D46DE8}") = "tests", "tests", "{294BF950-8993-429C-A35D-5FE32ADEBF6C}"
EndProject
Project("{9A19103F-16F7-4668-BE54-9A1E7A4F7556}") = "BlueMusic.Api.Tests", "tests\BlueMusic.Api.Tests\BlueMusic.Api.Tests.csproj", "{D9FB1CF0-C65F-4675-B4BD-129E573BC189}"
EndProject
Project("{9A19103F-16F7-4668-BE54-9A1E7A4F7556}") = "BlueMusic.Application.Tests", "tests\BlueMusic.Application.Tests\BlueMusic.Application.Tests.csproj", "{CEAB41B8-5D43-4D27-A734-10D90ED7DFD9}"
EndProject
Project("{9A19103F-16F7-4668-BE54-9A1E7A4F7556}") = "BlueMusic.Domain.Tests", "tests\BlueMusic.Domain.Tests\BlueMusic.Domain.Tests.csproj", "{56A338F6-C753-4FE5-A91A-64E84B21C86E}"
EndProject
Project("{9A19103F-16F7-4668-BE54-9A1E7A4F7556}") = "BlueMusic.Infrastrcture.Tests", "tests\BlueMusic.Infrastrcture.Tests\BlueMusic.Infrastrcture.Tests.csproj", "{54D5A60E-033C-435B-BA27-7E8D7B5A6FF8}"
EndProject
Project("{2150E333-8FDC-42A3-9474-1A3956D46DE8}") = "Core", "Core", "{179D02BE-A78D-470B-A78D-543DB1BDA2BA}"
EndProject
Project("{2150E333-8FDC-42A3-9474-1A3956D46DE8}") = "External", "External", "{B28852E8-572B-4CAB-A093-59DD54C6C532}"
EndProject
Project("{9A19103F-16F7-4668-BE54-9A1E7A4F7556}") = "BlueMusic.Infrastructure", "src\External\BlueMusic.Infrastructure\BlueMusic.Infrastructure.csproj", "{1F4B6D37-65FC-413F-BAC1-22106D869924}"
EndProject
Project("{9A19103F-16F7-4668-BE54-9A1E7A4F7556}") = "BlueMusic.Api", "src\External\BlueMusic.Api\BlueMusic.Api.csproj", "{B7B4FFC0-7B3D-4D7B-BB13-C30CFFBEBE8F}"
EndProject
Project("{9A19103F-16F7-4668-BE54-9A1E7A4F7556}") = "BlueMusic.Application", "src\Core\BlueMusic.Application\BlueMusic.Application.csproj", "{E84E6972-28E6-472F-9B2F-1465DC42487E}"
EndProject
Project("{9A19103F-16F7-4668-BE54-9A1E7A4F7556}") = "BlueMusic.Domain", "src\Core\BlueMusic.Domain\BlueMusic.Domain.csproj", "{BA4C89CA-CF8E-4CC9-B0D7-63092E62E16A}"
EndProject
Global
	GlobalSection(SolutionConfigurationPlatforms) = preSolution
		Debug|Any CPU = Debug|Any CPU
		Release|Any CPU = Release|Any CPU
	EndGlobalSection
	GlobalSection(ProjectConfigurationPlatforms) = postSolution
		{D9FB1CF0-C65F-4675-B4BD-129E573BC189}.Debug|Any CPU.ActiveCfg = Debug|Any CPU
		{D9FB1CF0-C65F-4675-B4BD-129E573BC189}.Debug|Any CPU.Build.0 = Debug|Any CPU
		{D9FB1CF0-C65F-4675-B4BD-129E573BC189}.Release|Any CPU.ActiveCfg = Release|Any CPU
		{D9FB1CF0-C65F-4675-B4BD-129E573BC189}.Release|Any CPU.Build.0 = Release|Any CPU
		{CEAB41B8-5D43-4D27-A734-10D90ED7DFD9}.Debug|Any CPU.ActiveCfg = Debug|Any CPU
		{CEAB41B8-5D43-4D27-A734-10D90ED7DFD9}.Debug|Any CPU.Build.0 = Debug|Any CPU
		{CEAB41B8-5D43-4D27-A734-10D90ED7DFD9}.Release|Any CPU.ActiveCfg = Release|Any CPU
		{CEAB41B8-5D43-4D27-A734-10D90ED7DFD9}.Release|Any CPU.Build.0 = Release|Any CPU
		{56A338F6-C753-4FE5-A91A-64E84B21C86E}.Debug|Any CPU.ActiveCfg = Debug|Any CPU
		{56A338F6-C753-4FE5-A91A-64E84B21C86E}.Debug|Any CPU.Build.0 = Debug|Any CPU
		{56A338F6-C753-4FE5-A91A-64E84B21C86E}.Release|Any CPU.ActiveCfg = Release|Any CPU
		{56A338F6-C753-4FE5-A91A-64E84B21C86E}.Release|Any CPU.Build.0 = Release|Any CPU
		{54D5A60E-033C-435B-BA27-7E8D7B5A6FF8}.Debug|Any CPU.ActiveCfg = Debug|Any CPU
		{54D5A60E-033C-435B-BA27-7E8D7B5A6FF8}.Debug|Any CPU.Build.0 = Debug|Any CPU
		{54D5A60E-033C-435B-BA27-7E8D7B5A6FF8}.Release|Any CPU.ActiveCfg = Release|Any CPU
		{54D5A60E-033C-435B-BA27-7E8D7B5A6FF8}.Release|Any CPU.Build.0 = Release|Any CPU
		{1F4B6D37-65FC-413F-BAC1-22106D869924}.Debug|Any CPU.ActiveCfg = Debug|Any CPU
		{1F4B6D37-65FC-413F-BAC1-22106D869924}.Debug|Any CPU.Build.0 = Debug|Any CPU
		{1F4B6D37-65FC-413F-BAC1-22106D869924}.Release|Any CPU.ActiveCfg = Release|Any CPU
		{1F4B6D37-65FC-413F-BAC1-22106D869924}.Release|Any CPU.Build.0 = Release|Any CPU
		{B7B4FFC0-7B3D-4D7B-BB13-C30CFFBEBE8F}.Debug|Any CPU.ActiveCfg = Debug|Any CPU
		{B7B4FFC0-7B3D-4D7B-BB13-C30CFFBEBE8F}.Debug|Any CPU.Build.0 = Debug|Any CPU
		{B7B4FFC0-7B3D-4D7B-BB13-C30CFFBEBE8F}.Release|Any CPU.ActiveCfg = Release|Any CPU
		{B7B4FFC0-7B3D-4D7B-BB13-C30CFFBEBE8F}.Release|Any CPU.Build.0 = Release|Any CPU
		{E84E6972-28E6-472F-9B2F-1465DC42487E}.Debug|Any CPU.ActiveCfg = Debug|Any CPU
		{E84E6972-28E6-472F-9B2F-1465DC42487E}.Debug|Any CPU.Build.0 = Debug|Any CPU
		{E84E6972-28E6-472F-9B2F-1465DC42487E}.Release|Any CPU.ActiveCfg = Release|Any CPU
		{E84E6972-28E6-472F-9B2F-1465DC42487E}.Release|Any CPU.Build.0 = Release|Any CPU
		{BA4C89CA-CF8E-4CC9-B0D7-63092E62E16A}.Debug|Any CPU.ActiveCfg = Debug|Any CPU
		{BA4C89CA-CF8E-4CC9-B0D7-63092E62E16A}.Debug|Any CPU.Build.0 = Debug|Any CPU
		{BA4C89CA-CF8E-4CC9-B0D7-63092E62E16A}.Release|Any CPU.ActiveCfg = Release|Any CPU
		{BA4C89CA-CF8E-4CC9-B0D7-63092E62E16A}.Release|Any CPU.Build.0 = Release|Any CPU
	EndGlobalSection
	GlobalSection(SolutionProperties) = preSolution
		HideSolutionNode = FALSE
	EndGlobalSection
	GlobalSection(NestedProjects) = preSolution
		{D9FB1CF0-C65F-4675-B4BD-129E573BC189} = {294BF950-8993-429C-A35D-5FE32ADEBF6C}
		{CEAB41B8-5D43-4D27-A734-10D90ED7DFD9} = {294BF950-8993-429C-A35D-5FE32ADEBF6C}
		{56A338F6-C753-4FE5-A91A-64E84B21C86E} = {294BF950-8993-429C-A35D-5FE32ADEBF6C}
		{54D5A60E-033C-435B-BA27-7E8D7B5A6FF8} = {294BF950-8993-429C-A35D-5FE32ADEBF6C}
		{179D02BE-A78D-470B-A78D-543DB1BDA2BA} = {FC58905F-5463-4CD2-80DE-F679BE012FB0}
		{B28852E8-572B-4CAB-A093-59DD54C6C532} = {FC58905F-5463-4CD2-80DE-F679BE012FB0}
		{1F4B6D37-65FC-413F-BAC1-22106D869924} = {B28852E8-572B-4CAB-A093-59DD54C6C532}
		{B7B4FFC0-7B3D-4D7B-BB13-C30CFFBEBE8F} = {B28852E8-572B-4CAB-A093-59DD54C6C532}
		{E84E6972-28E6-472F-9B2F-1465DC42487E} = {179D02BE-A78D-470B-A78D-543DB1BDA2BA}
		{BA4C89CA-CF8E-4CC9-B0D7-63092E62E16A} = {179D02BE-A78D-470B-A78D-543DB1BDA2BA}
	EndGlobalSection
	GlobalSection(ExtensibilityGlobals) = postSolution
		SolutionGuid = {62271BB6-6A2E-4F0C-8F0F-0CC20DBCD5D2}
	EndGlobalSection
EndGlobal
